<?xml version="1.0" encoding="utf-8"?>
<Project ToolsVersion="4.0" xmlns="http://schemas.microsoft.com/developer/msbuild/2003">
  <ItemGroup>
    <Filter Include="Source Files">
      <UniqueIdentifier>{4FC737F1-C7A5-4376-A066-2A32D752A2FF}</UniqueIdentifier>
      <Extensions>cpp;c;cc;cxx;def;odl;idl;hpj;bat;asm;asmx</Extensions>
    </Filter>
    <Filter Include="Header Files">
      <UniqueIdentifier>{93995380-89BD-4b04-88EB-625FBE52EBFB}</UniqueIdentifier>
      <Extensions>h;hh;hpp;hxx;hm;inl;inc;xsd</Extensions>
    </Filter>
    <Filter Include="Resource Files">
      <UniqueIdentifier>{67DA6AB6-F800-4c08-8B7A-83BB121AAD01}</UniqueIdentifier>
      <Extensions>rc;ico;cur;bmp;dlg;rc2;rct;bin;rgs;gif;jpg;jpeg;jpe;resx;tiff;tif;png;wav;mfcribbon-ms</Extensions>
    </Filter>
    <Filter Include="Generated Source Files">
      <UniqueIdentifier>{3e97e327-cb82-4194-9859-05852ef7091e}</UniqueIdentifier>
    </Filter>
  </ItemGroup>
  <ItemGroup>
    <ClCompile Include="src\ast.c">
      <Filter>Source Files</Filter>
    </ClCompile>
    <ClCompile Include="src\generate.c">
      <Filter>Source Files</Filter>
    </ClCompile>
    <ClCompile Include="src\list.c">
      <Filter>Source Files</Filter>
    </ClCompile>
    <ClCompile Include="src\shell.c">
      <Filter>Source Files</Filter>
    </ClCompile>
    <ClCompile Include="src\symtab.c">
      <Filter>Source Files</Filter>
    </ClCompile>
    <ClCompile Include="src\c1.lex.cpp">
      <Filter>Generated Source Files</Filter>
    </ClCompile>
    <ClCompile Include="src\c1.tab.cpp">
      <Filter>Generated Source Files</Filter>
    </ClCompile>
    <ClCompile Include="ast.cpp">
      <Filter>Source Files</Filter>
    </ClCompile>
    <ClCompile Include="src\error.cpp">
      <Filter>Source Files</Filter>
    </ClCompile>
  </ItemGroup>
  <ItemGroup>
    <ClInclude Include="include\common.h">
      <Filter>Header Files</Filter>
    </ClInclude>
    <ClInclude Include="include\util.h">
      <Filter>Header Files</Filter>
    </ClInclude>
    <ClInclude Include="include\errcfg.h">
      <Filter>Resource Files</Filter>
    </ClInclude>
    <ClInclude Include="include\symtab.h">
      <Filter>Header Files</Filter>
    </ClInclude>
    <ClInclude Include="include\error.h">
      <Filter>Header Files</Filter>
    </ClInclude>
    <ClInclude Include="include\ast.h">
      <Filter>Header Files</Filter>
    </ClInclude>
    <ClInclude Include="include\opcfg.h">
      <Filter>Resource Files</Filter>
    </ClInclude>
    <ClInclude Include="include\pcode.h">
      <Filter>Header Files</Filter>
    </ClInclude>
    <ClInclude Include="include\pcodegen.h">
      <Filter>Header Files</Filter>
    </ClInclude>
    <ClInclude Include="include\cscanner.h">
      <Filter>Header Files</Filter>
    </ClInclude>
    <ClInclude Include="include\cparser.h">
      <Filter>Header Files</Filter>
    </ClInclude>
    <ClInclude Include="include\location.hh">
      <Filter>Generated Source Files</Filter>
    </ClInclude>
    <ClInclude Include="include\position.hh">
      <Filter>Generated Source Files</Filter>
    </ClInclude>
    <ClInclude Include="include\stack.hh">
      <Filter>Generated Source Files</Filter>
    </ClInclude>
    <ClInclude Include="include\c1.tab.hpp">
      <Filter>Generated Source Files</Filter>
    </ClInclude>
    <ClInclude Include="include\type.h">
      <Filter>Header Files</Filter>
    </ClInclude>
    <ClInclude Include="include\declaration_context.h">
      <Filter>Header Files</Filter>
    </ClInclude>
  </ItemGroup>
</Project>