<?xml version="1.0" encoding="utf-8"?>
<Project ToolsVersion="4.0" xmlns="http://schemas.microsoft.com/developer/msbuild/2003">
  <ItemGroup>
    <Filter Include="Source Files">
      <UniqueIdentifier>{4FC737F1-C7A5-4376-A066-2A32D752A2FF}</UniqueIdentifier>
      <Extensions>cpp;c;cc;cxx;def;odl;idl;hpj;bat;asm;asmx</Extensions>
    </Filter>
    <Filter Include="Header Files">
      <UniqueIdentifier>{93995380-89BD-4b04-88EB-625FBE52EBFB}</UniqueIdentifier>
      <Extensions>h;hh;hpp;hxx;hm;inl;inc;xsd</Extensions>
    </Filter>
    <Filter Include="Resource Files">
      <UniqueIdentifier>{67DA6AB6-F800-4c08-8B7A-83BB121AAD01}</UniqueIdentifier>
      <Extensions>rc;ico;cur;bmp;dlg;rc2;rct;bin;rgs;gif;jpg;jpeg;jpe;resx;tiff;tif;png;wav;mfcribbon-ms</Extensions>
    </Filter>
    <Filter Include="Generated Source Files">
      <UniqueIdentifier>{3e97e327-cb82-4194-9859-05852ef7091e}</UniqueIdentifier>
    </Filter>
    <Filter Include="Header Files\AST">
      <UniqueIdentifier>{35df2129-dbcb-4374-974e-f6611f5d1d0b}</UniqueIdentifier>
    </Filter>
    <Filter Include="Header Files\Genral">
      <UniqueIdentifier>{22901169-5af6-4e6d-9a09-21e2aa018492}</UniqueIdentifier>
    </Filter>
  </ItemGroup>
  <ItemGroup>
    <ClCompile Include="src\c1.lex.cpp">
      <Filter>Generated Source Files</Filter>
    </ClCompile>
    <ClCompile Include="src\c1.tab.cpp">
      <Filter>Generated Source Files</Filter>
    </ClCompile>
    <ClCompile Include="src\error.cpp">
      <Filter>Source Files</Filter>
    </ClCompile>
    <ClCompile Include="src\driver.cpp">
      <Filter>Source Files</Filter>
    </ClCompile>
    <ClCompile Include="src\decl_context.cpp">
      <Filter>Source Files</Filter>
    </ClCompile>
    <ClCompile Include="src\declaration.cpp">
      <Filter>Source Files</Filter>
    </ClCompile>
    <ClCompile Include="src\ast_node.cpp">
      <Filter>Source Files</Filter>
    </ClCompile>
    <ClCompile Include="src\type.cpp">
      <Filter>Source Files</Filter>
    </ClCompile>
    <ClCompile Include="src\stdafx.cpp">
      <Filter>Source Files</Filter>
    </ClCompile>
    <ClCompile Include="src\interpreter.cpp">
      <Filter>Source Files</Filter>
    </ClCompile>
    <ClCompile Include="src\pcode.cpp">
      <Filter>Source Files</Filter>
    </ClCompile>
    <ClCompile Include="src\expr.cpp">
      <Filter>Source Files</Filter>
    </ClCompile>
    <ClCompile Include="src\declarator.cpp">
      <Filter>Source Files</Filter>
    </ClCompile>
    <ClCompile Include="src\stmt.cpp">
      <Filter>Source Files</Filter>
    </ClCompile>
    <ClCompile Include="src\decl_stmt.cpp">
      <Filter>Source Files</Filter>
    </ClCompile>
    <ClCompile Include="src\translation_unit.cpp">
      <Filter>Source Files</Filter>
    </ClCompile>
  </ItemGroup>
  <ItemGroup>
    <ClInclude Include="include\errcfg.h">
      <Filter>Resource Files</Filter>
    </ClInclude>
    <ClInclude Include="include\error.h">
      <Filter>Header Files</Filter>
    </ClInclude>
    <ClInclude Include="include\opcfg.h">
      <Filter>Resource Files</Filter>
    </ClInclude>
    <ClInclude Include="include\pcode.h">
      <Filter>Header Files</Filter>
    </ClInclude>
    <ClInclude Include="include\pcodegen.h">
      <Filter>Header Files</Filter>
    </ClInclude>
    <ClInclude Include="include\cscanner.h">
      <Filter>Header Files</Filter>
    </ClInclude>
    <ClInclude Include="include\cparser.h">
      <Filter>Header Files</Filter>
    </ClInclude>
    <ClInclude Include="include\driver.h">
      <Filter>Header Files</Filter>
    </ClInclude>
    <ClInclude Include="src\c1.tab.hpp">
      <Filter>Generated Source Files</Filter>
    </ClInclude>
    <ClInclude Include="src\location.hh">
      <Filter>Generated Source Files</Filter>
    </ClInclude>
    <ClInclude Include="src\position.hh">
      <Filter>Generated Source Files</Filter>
    </ClInclude>
    <ClInclude Include="src\stack.hh">
      <Filter>Generated Source Files</Filter>
    </ClInclude>
    <ClInclude Include="include\stdafx.h">
      <Filter>Header Files</Filter>
    </ClInclude>
    <ClInclude Include="include\interpreter.h">
      <Filter>Header Files</Filter>
    </ClInclude>
    <ClInclude Include="include\ast.h">
      <Filter>Header Files\AST</Filter>
    </ClInclude>
    <ClInclude Include="include\ast_context.h">
      <Filter>Header Files\AST</Filter>
    </ClInclude>
    <ClInclude Include="include\ast_node.h">
      <Filter>Header Files\AST</Filter>
    </ClInclude>
    <ClInclude Include="include\decl_context.h">
      <Filter>Header Files\AST</Filter>
    </ClInclude>
    <ClInclude Include="include\declaration.h">
      <Filter>Header Files\AST</Filter>
    </ClInclude>
    <ClInclude Include="include\declarator.h">
      <Filter>Header Files\AST</Filter>
    </ClInclude>
    <ClInclude Include="include\expr.h">
      <Filter>Header Files\AST</Filter>
    </ClInclude>
    <ClInclude Include="include\stmt.h">
      <Filter>Header Files\AST</Filter>
    </ClInclude>
    <ClInclude Include="include\type.h">
      <Filter>Header Files\AST</Filter>
    </ClInclude>
    <ClInclude Include="include\operators.h">
      <Filter>Header Files\Genral</Filter>
    </ClInclude>
    <ClInclude Include="include\type_qualifiers.h">
      <Filter>Header Files\Genral</Filter>
    </ClInclude>
    <ClInclude Include="include\decl_stmt.h">
      <Filter>Header Files\AST</Filter>
    </ClInclude>
    <ClInclude Include="include\translation_unit.h">
      <Filter>Header Files\AST</Filter>
    </ClInclude>
  </ItemGroup>
</Project>